
Microsoft Visual Studio Solution File, Format Version 12.00
# Visual Studio 14
VisualStudioVersion = 14.0.23107.0
MinimumVisualStudioVersion = 10.0.40219.1
Project("{2150E333-8FDC-42A3-9474-1A3956D46DE8}") = "src", "src", "{F31BCEFB-435F-46E7-BFB5-59A8DD6B79BF}"
EndProject
Project("{2150E333-8FDC-42A3-9474-1A3956D46DE8}") = "Solution Items", "Solution Items", "{5669C0AC-288D-4243-BCD8-3889C0958D19}"
	ProjectSection(SolutionItems) = preProject
		global.json = global.json
	EndProjectSection
EndProject
Project("{8BB2217D-0F2D-49D1-97BC-3654ED321F3B}") = "MyCarFiles2", "src\MyCarFiles2\MyCarFiles2.xproj", "{F086CD38-F7B1-4E3D-94C3-FD04A1F7EEBD}"
EndProject
Global
	GlobalSection(SolutionConfigurationPlatforms) = preSolution
		Debug|Any CPU = Debug|Any CPU
		Release|Any CPU = Release|Any CPU
	EndGlobalSection
	GlobalSection(ProjectConfigurationPlatforms) = postSolution
		{F086CD38-F7B1-4E3D-94C3-FD04A1F7EEBD}.Debug|Any CPU.ActiveCfg = Debug|Any CPU
		{F086CD38-F7B1-4E3D-94C3-FD04A1F7EEBD}.Debug|Any CPU.Build.0 = Debug|Any CPU
		{F086CD38-F7B1-4E3D-94C3-FD04A1F7EEBD}.Release|Any CPU.ActiveCfg = Release|Any CPU
		{F086CD38-F7B1-4E3D-94C3-FD04A1F7EEBD}.Release|Any CPU.Build.0 = Release|Any CPU
	EndGlobalSection
	GlobalSection(SolutionProperties) = preSolution
		HideSolutionNode = FALSE
	EndGlobalSection
	GlobalSection(NestedProjects) = preSolution
		{F086CD38-F7B1-4E3D-94C3-FD04A1F7EEBD} = {F31BCEFB-435F-46E7-BFB5-59A8DD6B79BF}
	EndGlobalSection
EndGlobal
